// !$*UTF8*$!
{
	archiveVersion = 1;
	classes = {
	};
	objectVersion = 50;
	objects = {

/* Begin PBXBuildFile section */
		0C63B31921E709F900EAD105 /* MovieListPageContainerViewController.swift in Sources */ = {isa = PBXBuildFile; fileRef = 0C63B31821E709F900EAD105 /* MovieListPageContainerViewController.swift */; };
		0C63B31B21E70C8500EAD105 /* MovieListPageContainerViewModel.swift in Sources */ = {isa = PBXBuildFile; fileRef = 0C63B31A21E70C8500EAD105 /* MovieListPageContainerViewModel.swift */; };
		0C63B31D21E70DFE00EAD105 /* Constants.swift in Sources */ = {isa = PBXBuildFile; fileRef = 0C63B31C21E70DFE00EAD105 /* Constants.swift */; };
		0C63B31F21E7107E00EAD105 /* MovieListCoordinator.swift in Sources */ = {isa = PBXBuildFile; fileRef = 0C63B31E21E7107E00EAD105 /* MovieListCoordinator.swift */; };
		0C63B32221E7159500EAD105 /* MovieListViewController.swift in Sources */ = {isa = PBXBuildFile; fileRef = 0C63B32121E7159500EAD105 /* MovieListViewController.swift */; };
		0C63B32421E715B200EAD105 /* MovieListViewModel.swift in Sources */ = {isa = PBXBuildFile; fileRef = 0C63B32321E715B200EAD105 /* MovieListViewModel.swift */; };
		0C63B32821E71D7900EAD105 /* MovieListTableViewCell.swift in Sources */ = {isa = PBXBuildFile; fileRef = 0C63B32621E71D7800EAD105 /* MovieListTableViewCell.swift */; };
		0C63B32921E71D7900EAD105 /* MovieListTableViewCell.xib in Resources */ = {isa = PBXBuildFile; fileRef = 0C63B32721E71D7900EAD105 /* MovieListTableViewCell.xib */; };
		0C63B32B21E7238900EAD105 /* Movie.swift in Sources */ = {isa = PBXBuildFile; fileRef = 0C63B32A21E7238900EAD105 /* Movie.swift */; };
		0C704C5D21E616A20075A67A /* SearchViewModel.swift in Sources */ = {isa = PBXBuildFile; fileRef = 0C704C5C21E616A20075A67A /* SearchViewModel.swift */; };
		0C704C5F21E621D30075A67A /* Colors.swift in Sources */ = {isa = PBXBuildFile; fileRef = 0C704C5E21E621D30075A67A /* Colors.swift */; };
		0C704C6221E634A10075A67A /* SearchHistory.swift in Sources */ = {isa = PBXBuildFile; fileRef = 0C704C6121E634A10075A67A /* SearchHistory.swift */; };
		0C8EF0C721E5C1DA00294632 /* AppDelegate.swift in Sources */ = {isa = PBXBuildFile; fileRef = 0C8EF0C621E5C1DA00294632 /* AppDelegate.swift */; };
		0C8EF0C921E5C1DA00294632 /* HomeViewController.swift in Sources */ = {isa = PBXBuildFile; fileRef = 0C8EF0C821E5C1DA00294632 /* HomeViewController.swift */; };
		0C8EF0CC21E5C1DB00294632 /* Main.storyboard in Resources */ = {isa = PBXBuildFile; fileRef = 0C8EF0CA21E5C1DB00294632 /* Main.storyboard */; };
		0C8EF0CF21E5C1DB00294632 /* Movie_App.xcdatamodeld in Sources */ = {isa = PBXBuildFile; fileRef = 0C8EF0CD21E5C1DB00294632 /* Movie_App.xcdatamodeld */; };
		0C8EF0D121E5C1DF00294632 /* Assets.xcassets in Resources */ = {isa = PBXBuildFile; fileRef = 0C8EF0D021E5C1DF00294632 /* Assets.xcassets */; };
		0C8EF0D421E5C1DF00294632 /* LaunchScreen.storyboard in Resources */ = {isa = PBXBuildFile; fileRef = 0C8EF0D221E5C1DF00294632 /* LaunchScreen.storyboard */; };
		0C8EF0E621E5CE0200294632 /* UIStoryboard+UIViewControllers.swift in Sources */ = {isa = PBXBuildFile; fileRef = 0C8EF0E521E5CE0200294632 /* UIStoryboard+UIViewControllers.swift */; };
		0C8EF0EB21E5D10200294632 /* HomeMovieCollectionViewCell.swift in Sources */ = {isa = PBXBuildFile; fileRef = 0C8EF0E921E5D10200294632 /* HomeMovieCollectionViewCell.swift */; };
		0C8EF0EC21E5D10200294632 /* HomeMovieCollectionViewCell.xib in Resources */ = {isa = PBXBuildFile; fileRef = 0C8EF0EA21E5D10200294632 /* HomeMovieCollectionViewCell.xib */; };
		0C8EF0F321E5DFC000294632 /* APIManager.swift in Sources */ = {isa = PBXBuildFile; fileRef = 0C8EF0EE21E5DFC000294632 /* APIManager.swift */; };
		0C8EF0F421E5DFC000294632 /* APIRouter.swift in Sources */ = {isa = PBXBuildFile; fileRef = 0C8EF0EF21E5DFC000294632 /* APIRouter.swift */; };
		0C8EF0F521E5DFC000294632 /* APICallError.swift in Sources */ = {isa = PBXBuildFile; fileRef = 0C8EF0F021E5DFC000294632 /* APICallError.swift */; };
		0C8EF0F621E5DFC000294632 /* API.swift in Sources */ = {isa = PBXBuildFile; fileRef = 0C8EF0F121E5DFC000294632 /* API.swift */; };
		0C8EF0F721E5DFC000294632 /* APIResult.swift in Sources */ = {isa = PBXBuildFile; fileRef = 0C8EF0F221E5DFC000294632 /* APIResult.swift */; };
		0C8EF0F921E5E05100294632 /* Logging.swift in Sources */ = {isa = PBXBuildFile; fileRef = 0C8EF0F821E5E05100294632 /* Logging.swift */; };
		0C8EF0FB21E5E36C00294632 /* HomeMovieListResopnse.swift in Sources */ = {isa = PBXBuildFile; fileRef = 0C8EF0FA21E5E36C00294632 /* HomeMovieListResopnse.swift */; };
		0C8EF0FF21E5E6EE00294632 /* Extensions+Dictionary.swift in Sources */ = {isa = PBXBuildFile; fileRef = 0C8EF0FE21E5E6EE00294632 /* Extensions+Dictionary.swift */; };
		0C8EF10121E5EE0700294632 /* AppDependency.swift in Sources */ = {isa = PBXBuildFile; fileRef = 0C8EF10021E5EE0700294632 /* AppDependency.swift */; };
		0C8EF10321E5EE3F00294632 /* BaseCoordinator.swift in Sources */ = {isa = PBXBuildFile; fileRef = 0C8EF10221E5EE3F00294632 /* BaseCoordinator.swift */; };
		0C8EF10621E5EE9600294632 /* BaseViewController.swift in Sources */ = {isa = PBXBuildFile; fileRef = 0C8EF10521E5EE9600294632 /* BaseViewController.swift */; };
		0C8EF10821E5EEA700294632 /* BaseViewModel.swift in Sources */ = {isa = PBXBuildFile; fileRef = 0C8EF10721E5EEA700294632 /* BaseViewModel.swift */; };
		0C8EF10A21E5EF1200294632 /* ActivityIndicatior.swift in Sources */ = {isa = PBXBuildFile; fileRef = 0C8EF10921E5EF1200294632 /* ActivityIndicatior.swift */; };
		0C8EF10C21E5EF4700294632 /* ActivityIndicatorViewable.swift in Sources */ = {isa = PBXBuildFile; fileRef = 0C8EF10B21E5EF4700294632 /* ActivityIndicatorViewable.swift */; };
		0C8EF10F21E5F00300294632 /* HomeViewModel.swift in Sources */ = {isa = PBXBuildFile; fileRef = 0C8EF10E21E5F00300294632 /* HomeViewModel.swift */; };
		0C8EF11121E5F03700294632 /* AppCoordinator.swift in Sources */ = {isa = PBXBuildFile; fileRef = 0C8EF11021E5F03700294632 /* AppCoordinator.swift */; };
		0C8EF11321E5F0A800294632 /* RootCoordinator.swift in Sources */ = {isa = PBXBuildFile; fileRef = 0C8EF11221E5F0A800294632 /* RootCoordinator.swift */; };
		0C8EF11521E5F3E400294632 /* Extension+UIKit.swift in Sources */ = {isa = PBXBuildFile; fileRef = 0C8EF11421E5F3E400294632 /* Extension+UIKit.swift */; };
		0C8EF11921E6157900294632 /* SearchViewController.swift in Sources */ = {isa = PBXBuildFile; fileRef = 0C8EF11821E6157900294632 /* SearchViewController.swift */; };
		2DF3E1E99A586AE9C501B245 /* Pods_Movie_App.framework in Frameworks */ = {isa = PBXBuildFile; fileRef = 84D207EAD388A073987D0720 /* Pods_Movie_App.framework */; };
/* End PBXBuildFile section */

/* Begin PBXFileReference section */
		0C63B31821E709F900EAD105 /* MovieListPageContainerViewController.swift */ = {isa = PBXFileReference; lastKnownFileType = sourcecode.swift; path = MovieListPageContainerViewController.swift; sourceTree = "<group>"; };
		0C63B31A21E70C8500EAD105 /* MovieListPageContainerViewModel.swift */ = {isa = PBXFileReference; lastKnownFileType = sourcecode.swift; path = MovieListPageContainerViewModel.swift; sourceTree = "<group>"; };
		0C63B31C21E70DFE00EAD105 /* Constants.swift */ = {isa = PBXFileReference; lastKnownFileType = sourcecode.swift; path = Constants.swift; sourceTree = "<group>"; };
		0C63B31E21E7107E00EAD105 /* MovieListCoordinator.swift */ = {isa = PBXFileReference; lastKnownFileType = sourcecode.swift; path = MovieListCoordinator.swift; sourceTree = "<group>"; };
		0C63B32121E7159500EAD105 /* MovieListViewController.swift */ = {isa = PBXFileReference; lastKnownFileType = sourcecode.swift; path = MovieListViewController.swift; sourceTree = "<group>"; };
		0C63B32321E715B200EAD105 /* MovieListViewModel.swift */ = {isa = PBXFileReference; lastKnownFileType = sourcecode.swift; path = MovieListViewModel.swift; sourceTree = "<group>"; };
		0C63B32621E71D7800EAD105 /* MovieListTableViewCell.swift */ = {isa = PBXFileReference; lastKnownFileType = sourcecode.swift; path = MovieListTableViewCell.swift; sourceTree = "<group>"; };
		0C63B32721E71D7900EAD105 /* MovieListTableViewCell.xib */ = {isa = PBXFileReference; lastKnownFileType = file.xib; path = MovieListTableViewCell.xib; sourceTree = "<group>"; };
		0C63B32A21E7238900EAD105 /* Movie.swift */ = {isa = PBXFileReference; lastKnownFileType = sourcecode.swift; path = Movie.swift; sourceTree = "<group>"; };
		0C704C5C21E616A20075A67A /* SearchViewModel.swift */ = {isa = PBXFileReference; lastKnownFileType = sourcecode.swift; path = SearchViewModel.swift; sourceTree = "<group>"; };
		0C704C5E21E621D30075A67A /* Colors.swift */ = {isa = PBXFileReference; lastKnownFileType = sourcecode.swift; path = Colors.swift; sourceTree = "<group>"; };
		0C704C6121E634A10075A67A /* SearchHistory.swift */ = {isa = PBXFileReference; lastKnownFileType = sourcecode.swift; path = SearchHistory.swift; sourceTree = "<group>"; };
		0C8EF0C321E5C1DA00294632 /* Movie_App.app */ = {isa = PBXFileReference; explicitFileType = wrapper.application; includeInIndex = 0; path = Movie_App.app; sourceTree = BUILT_PRODUCTS_DIR; };
		0C8EF0C621E5C1DA00294632 /* AppDelegate.swift */ = {isa = PBXFileReference; lastKnownFileType = sourcecode.swift; path = AppDelegate.swift; sourceTree = "<group>"; };
		0C8EF0C821E5C1DA00294632 /* HomeViewController.swift */ = {isa = PBXFileReference; lastKnownFileType = sourcecode.swift; path = HomeViewController.swift; sourceTree = "<group>"; };
		0C8EF0CB21E5C1DB00294632 /* Base */ = {isa = PBXFileReference; lastKnownFileType = file.storyboard; name = Base; path = Base.lproj/Main.storyboard; sourceTree = "<group>"; };
		0C8EF0CE21E5C1DB00294632 /* Movie_App.xcdatamodel */ = {isa = PBXFileReference; lastKnownFileType = wrapper.xcdatamodel; path = Movie_App.xcdatamodel; sourceTree = "<group>"; };
		0C8EF0D021E5C1DF00294632 /* Assets.xcassets */ = {isa = PBXFileReference; lastKnownFileType = folder.assetcatalog; path = Assets.xcassets; sourceTree = "<group>"; };
		0C8EF0D321E5C1DF00294632 /* Base */ = {isa = PBXFileReference; lastKnownFileType = file.storyboard; name = Base; path = Base.lproj/LaunchScreen.storyboard; sourceTree = "<group>"; };
		0C8EF0D521E5C1DF00294632 /* Info.plist */ = {isa = PBXFileReference; lastKnownFileType = text.plist.xml; path = Info.plist; sourceTree = "<group>"; };
		0C8EF0E521E5CE0200294632 /* UIStoryboard+UIViewControllers.swift */ = {isa = PBXFileReference; lastKnownFileType = sourcecode.swift; path = "UIStoryboard+UIViewControllers.swift"; sourceTree = "<group>"; };
		0C8EF0E921E5D10200294632 /* HomeMovieCollectionViewCell.swift */ = {isa = PBXFileReference; lastKnownFileType = sourcecode.swift; path = HomeMovieCollectionViewCell.swift; sourceTree = "<group>"; };
		0C8EF0EA21E5D10200294632 /* HomeMovieCollectionViewCell.xib */ = {isa = PBXFileReference; lastKnownFileType = file.xib; path = HomeMovieCollectionViewCell.xib; sourceTree = "<group>"; };
		0C8EF0EE21E5DFC000294632 /* APIManager.swift */ = {isa = PBXFileReference; fileEncoding = 4; lastKnownFileType = sourcecode.swift; path = APIManager.swift; sourceTree = "<group>"; };
		0C8EF0EF21E5DFC000294632 /* APIRouter.swift */ = {isa = PBXFileReference; fileEncoding = 4; lastKnownFileType = sourcecode.swift; path = APIRouter.swift; sourceTree = "<group>"; };
		0C8EF0F021E5DFC000294632 /* APICallError.swift */ = {isa = PBXFileReference; fileEncoding = 4; lastKnownFileType = sourcecode.swift; path = APICallError.swift; sourceTree = "<group>"; };
		0C8EF0F121E5DFC000294632 /* API.swift */ = {isa = PBXFileReference; fileEncoding = 4; lastKnownFileType = sourcecode.swift; path = API.swift; sourceTree = "<group>"; };
		0C8EF0F221E5DFC000294632 /* APIResult.swift */ = {isa = PBXFileReference; fileEncoding = 4; lastKnownFileType = sourcecode.swift; path = APIResult.swift; sourceTree = "<group>"; };
		0C8EF0F821E5E05100294632 /* Logging.swift */ = {isa = PBXFileReference; lastKnownFileType = sourcecode.swift; path = Logging.swift; sourceTree = "<group>"; };
		0C8EF0FA21E5E36C00294632 /* HomeMovieListResopnse.swift */ = {isa = PBXFileReference; lastKnownFileType = sourcecode.swift; path = HomeMovieListResopnse.swift; sourceTree = "<group>"; };
		0C8EF0FE21E5E6EE00294632 /* Extensions+Dictionary.swift */ = {isa = PBXFileReference; lastKnownFileType = sourcecode.swift; path = "Extensions+Dictionary.swift"; sourceTree = "<group>"; };
		0C8EF10021E5EE0700294632 /* AppDependency.swift */ = {isa = PBXFileReference; lastKnownFileType = sourcecode.swift; path = AppDependency.swift; sourceTree = "<group>"; };
		0C8EF10221E5EE3F00294632 /* BaseCoordinator.swift */ = {isa = PBXFileReference; lastKnownFileType = sourcecode.swift; path = BaseCoordinator.swift; sourceTree = "<group>"; };
		0C8EF10521E5EE9600294632 /* BaseViewController.swift */ = {isa = PBXFileReference; lastKnownFileType = sourcecode.swift; path = BaseViewController.swift; sourceTree = "<group>"; };
		0C8EF10721E5EEA700294632 /* BaseViewModel.swift */ = {isa = PBXFileReference; lastKnownFileType = sourcecode.swift; path = BaseViewModel.swift; sourceTree = "<group>"; };
		0C8EF10921E5EF1200294632 /* ActivityIndicatior.swift */ = {isa = PBXFileReference; lastKnownFileType = sourcecode.swift; path = ActivityIndicatior.swift; sourceTree = "<group>"; };
		0C8EF10B21E5EF4700294632 /* ActivityIndicatorViewable.swift */ = {isa = PBXFileReference; lastKnownFileType = sourcecode.swift; path = ActivityIndicatorViewable.swift; sourceTree = "<group>"; };
		0C8EF10E21E5F00300294632 /* HomeViewModel.swift */ = {isa = PBXFileReference; lastKnownFileType = sourcecode.swift; path = HomeViewModel.swift; sourceTree = "<group>"; };
		0C8EF11021E5F03700294632 /* AppCoordinator.swift */ = {isa = PBXFileReference; lastKnownFileType = sourcecode.swift; path = AppCoordinator.swift; sourceTree = "<group>"; };
		0C8EF11221E5F0A800294632 /* RootCoordinator.swift */ = {isa = PBXFileReference; lastKnownFileType = sourcecode.swift; path = RootCoordinator.swift; sourceTree = "<group>"; };
		0C8EF11421E5F3E400294632 /* Extension+UIKit.swift */ = {isa = PBXFileReference; lastKnownFileType = sourcecode.swift; path = "Extension+UIKit.swift"; sourceTree = "<group>"; };
		0C8EF11821E6157900294632 /* SearchViewController.swift */ = {isa = PBXFileReference; lastKnownFileType = sourcecode.swift; path = SearchViewController.swift; sourceTree = "<group>"; };
		51C5892573635752823868B0 /* Pods-Movie_App.debug.xcconfig */ = {isa = PBXFileReference; includeInIndex = 1; lastKnownFileType = text.xcconfig; name = "Pods-Movie_App.debug.xcconfig"; path = "Pods/Target Support Files/Pods-Movie_App/Pods-Movie_App.debug.xcconfig"; sourceTree = "<group>"; };
		84D207EAD388A073987D0720 /* Pods_Movie_App.framework */ = {isa = PBXFileReference; explicitFileType = wrapper.framework; includeInIndex = 0; path = Pods_Movie_App.framework; sourceTree = BUILT_PRODUCTS_DIR; };
		F258183F198B7CBCEAE32F2B /* Pods-Movie_App.release.xcconfig */ = {isa = PBXFileReference; includeInIndex = 1; lastKnownFileType = text.xcconfig; name = "Pods-Movie_App.release.xcconfig"; path = "Pods/Target Support Files/Pods-Movie_App/Pods-Movie_App.release.xcconfig"; sourceTree = "<group>"; };
/* End PBXFileReference section */

/* Begin PBXFrameworksBuildPhase section */
		0C8EF0C021E5C1DA00294632 /* Frameworks */ = {
			isa = PBXFrameworksBuildPhase;
			buildActionMask = 2147483647;
			files = (
				2DF3E1E99A586AE9C501B245 /* Pods_Movie_App.framework in Frameworks */,
			);
			runOnlyForDeploymentPostprocessing = 0;
		};
/* End PBXFrameworksBuildPhase section */

/* Begin PBXGroup section */
		0C63B31721E7092C00EAD105 /* MovieList */ = {
			isa = PBXGroup;
			children = (
				0C63B32021E7155000EAD105 /* MovieListContainer */,
				0C63B32521E717F900EAD105 /* MovieList */,
			);
			path = MovieList;
			sourceTree = "<group>";
		};
		0C63B32021E7155000EAD105 /* MovieListContainer */ = {
			isa = PBXGroup;
			children = (
				0C63B31821E709F900EAD105 /* MovieListPageContainerViewController.swift */,
				0C63B31A21E70C8500EAD105 /* MovieListPageContainerViewModel.swift */,
			);
			path = MovieListContainer;
			sourceTree = "<group>";
		};
		0C63B32521E717F900EAD105 /* MovieList */ = {
			isa = PBXGroup;
			children = (
				0C63B32121E7159500EAD105 /* MovieListViewController.swift */,
				0C63B32321E715B200EAD105 /* MovieListViewModel.swift */,
				0C63B32621E71D7800EAD105 /* MovieListTableViewCell.swift */,
				0C63B32721E71D7900EAD105 /* MovieListTableViewCell.xib */,
			);
			path = MovieList;
			sourceTree = "<group>";
		};
		0C704C6021E633910075A67A /* SearchHistory */ = {
			isa = PBXGroup;
			children = (
				0C704C6121E634A10075A67A /* SearchHistory.swift */,
			);
			path = SearchHistory;
			sourceTree = "<group>";
		};
		0C8EF0BA21E5C1DA00294632 = {
			isa = PBXGroup;
			children = (
				0C8EF0C521E5C1DA00294632 /* Movie_App */,
				0C8EF0CD21E5C1DB00294632 /* Movie_App.xcdatamodeld */,
				0C8EF0C421E5C1DA00294632 /* Products */,
				8248C5364001D035E49F255B /* Pods */,
				6BE86C935E4B5CE388C7D570 /* Frameworks */,
			);
			sourceTree = "<group>";
		};
		0C8EF0C421E5C1DA00294632 /* Products */ = {
			isa = PBXGroup;
			children = (
				0C8EF0C321E5C1DA00294632 /* Movie_App.app */,
			);
			name = Products;
			sourceTree = "<group>";
		};
		0C8EF0C521E5C1DA00294632 /* Movie_App */ = {
			isa = PBXGroup;
			children = (
				0C8EF0DB21E5C29400294632 /* Application */,
				0C8EF0DC21E5C2F900294632 /* Resources */,
				0C8EF0DD21E5C34300294632 /* Scenes */,
				0C8EF0DE21E5C36E00294632 /* Coordinators */,
				0C8EF0E121E5C47600294632 /* Model */,
				0C8EF0E021E5C3FB00294632 /* Services */,
				0C8EF0E421E5C4F000294632 /* Constants */,
				0C8EF0E321E5C4AE00294632 /* Utility */,
				0C8EF0E221E5C49800294632 /* Extnesions */,
			);
			path = Movie_App;
			sourceTree = "<group>";
		};
		0C8EF0DB21E5C29400294632 /* Application */ = {
			isa = PBXGroup;
			children = (
				0C8EF0C621E5C1DA00294632 /* AppDelegate.swift */,
				0C8EF10021E5EE0700294632 /* AppDependency.swift */,
				0C8EF0D521E5C1DF00294632 /* Info.plist */,
			);
			path = Application;
			sourceTree = "<group>";
		};
		0C8EF0DC21E5C2F900294632 /* Resources */ = {
			isa = PBXGroup;
			children = (
				0C8EF0CA21E5C1DB00294632 /* Main.storyboard */,
				0C8EF0D021E5C1DF00294632 /* Assets.xcassets */,
				0C8EF0D221E5C1DF00294632 /* LaunchScreen.storyboard */,
			);
			path = Resources;
			sourceTree = "<group>";
		};
		0C8EF0DD21E5C34300294632 /* Scenes */ = {
			isa = PBXGroup;
			children = (
				0C63B31721E7092C00EAD105 /* MovieList */,
				0C8EF10421E5EE7900294632 /* Base */,
				0C8EF0E721E5D0AD00294632 /* Home */,
				0C8EF11721E613D800294632 /* Search */,
			);
			path = Scenes;
			sourceTree = "<group>";
		};
		0C8EF0DE21E5C36E00294632 /* Coordinators */ = {
			isa = PBXGroup;
			children = (
				0C8EF10221E5EE3F00294632 /* BaseCoordinator.swift */,
				0C8EF11021E5F03700294632 /* AppCoordinator.swift */,
				0C8EF11221E5F0A800294632 /* RootCoordinator.swift */,
				0C63B31E21E7107E00EAD105 /* MovieListCoordinator.swift */,
			);
			path = Coordinators;
			sourceTree = "<group>";
		};
		0C8EF0E021E5C3FB00294632 /* Services */ = {
			isa = PBXGroup;
			children = (
				0C704C6021E633910075A67A /* SearchHistory */,
				0C8EF0ED21E5DF9A00294632 /* API */,
			);
			path = Services;
			sourceTree = "<group>";
		};
		0C8EF0E121E5C47600294632 /* Model */ = {
			isa = PBXGroup;
			children = (
				0C8EF0FD21E5E38C00294632 /* APIResponse */,
				0C63B32A21E7238900EAD105 /* Movie.swift */,
			);
			path = Model;
			sourceTree = "<group>";
		};
		0C8EF0E221E5C49800294632 /* Extnesions */ = {
			isa = PBXGroup;
			children = (
				0C8EF0FE21E5E6EE00294632 /* Extensions+Dictionary.swift */,
				0C8EF11421E5F3E400294632 /* Extension+UIKit.swift */,
			);
			path = Extnesions;
			sourceTree = "<group>";
		};
		0C8EF0E321E5C4AE00294632 /* Utility */ = {
			isa = PBXGroup;
			children = (
				0C8EF0E521E5CE0200294632 /* UIStoryboard+UIViewControllers.swift */,
				0C8EF0F821E5E05100294632 /* Logging.swift */,
				0C8EF10D21E5EF5200294632 /* RxActivityViewable */,
			);
			path = Utility;
			sourceTree = "<group>";
		};
		0C8EF0E421E5C4F000294632 /* Constants */ = {
			isa = PBXGroup;
			children = (
				0C704C5E21E621D30075A67A /* Colors.swift */,
				0C63B31C21E70DFE00EAD105 /* Constants.swift */,
			);
			path = Constants;
			sourceTree = "<group>";
		};
		0C8EF0E721E5D0AD00294632 /* Home */ = {
			isa = PBXGroup;
			children = (
				0C8EF0C821E5C1DA00294632 /* HomeViewController.swift */,
				0C8EF10E21E5F00300294632 /* HomeViewModel.swift */,
				0C8EF0E821E5D0CE00294632 /* HomeMovieCollectionViewCell */,
			);
			path = Home;
			sourceTree = "<group>";
		};
		0C8EF0E821E5D0CE00294632 /* HomeMovieCollectionViewCell */ = {
			isa = PBXGroup;
			children = (
				0C8EF0E921E5D10200294632 /* HomeMovieCollectionViewCell.swift */,
				0C8EF0EA21E5D10200294632 /* HomeMovieCollectionViewCell.xib */,
			);
			path = HomeMovieCollectionViewCell;
			sourceTree = "<group>";
		};
		0C8EF0ED21E5DF9A00294632 /* API */ = {
			isa = PBXGroup;
			children = (
				0C8EF0F121E5DFC000294632 /* API.swift */,
				0C8EF0EF21E5DFC000294632 /* APIRouter.swift */,
				0C8EF0F021E5DFC000294632 /* APICallError.swift */,
				0C8EF0EE21E5DFC000294632 /* APIManager.swift */,
				0C8EF0F221E5DFC000294632 /* APIResult.swift */,
			);
			path = API;
			sourceTree = "<group>";
		};
		0C8EF0FD21E5E38C00294632 /* APIResponse */ = {
			isa = PBXGroup;
			children = (
				0C8EF0FA21E5E36C00294632 /* HomeMovieListResopnse.swift */,
			);
			path = APIResponse;
			sourceTree = "<group>";
		};
		0C8EF10421E5EE7900294632 /* Base */ = {
			isa = PBXGroup;
			children = (
				0C8EF10521E5EE9600294632 /* BaseViewController.swift */,
				0C8EF10721E5EEA700294632 /* BaseViewModel.swift */,
			);
			path = Base;
			sourceTree = "<group>";
		};
		0C8EF10D21E5EF5200294632 /* RxActivityViewable */ = {
			isa = PBXGroup;
			children = (
				0C8EF10921E5EF1200294632 /* ActivityIndicatior.swift */,
				0C8EF10B21E5EF4700294632 /* ActivityIndicatorViewable.swift */,
			);
			path = RxActivityViewable;
			sourceTree = "<group>";
		};
		0C8EF11721E613D800294632 /* Search */ = {
			isa = PBXGroup;
			children = (
				0C8EF11821E6157900294632 /* SearchViewController.swift */,
				0C704C5C21E616A20075A67A /* SearchViewModel.swift */,
			);
			path = Search;
			sourceTree = "<group>";
		};
		6BE86C935E4B5CE388C7D570 /* Frameworks */ = {
			isa = PBXGroup;
			children = (
				84D207EAD388A073987D0720 /* Pods_Movie_App.framework */,
			);
			name = Frameworks;
			sourceTree = "<group>";
		};
		8248C5364001D035E49F255B /* Pods */ = {
			isa = PBXGroup;
			children = (
				51C5892573635752823868B0 /* Pods-Movie_App.debug.xcconfig */,
				F258183F198B7CBCEAE32F2B /* Pods-Movie_App.release.xcconfig */,
			);
			name = Pods;
			sourceTree = "<group>";
		};
/* End PBXGroup section */

/* Begin PBXNativeTarget section */
		0C8EF0C221E5C1DA00294632 /* Movie_App */ = {
			isa = PBXNativeTarget;
			buildConfigurationList = 0C8EF0D821E5C1DF00294632 /* Build configuration list for PBXNativeTarget "Movie_App" */;
			buildPhases = (
				8FD0AEE3F123D3BAF91C3EF7 /* [CP] Check Pods Manifest.lock */,
				0C8EF0BF21E5C1DA00294632 /* Sources */,
				0C8EF0C021E5C1DA00294632 /* Frameworks */,
				0C8EF0C121E5C1DA00294632 /* Resources */,
				AC1A527C26B260D7BA7FA564 /* [CP] Embed Pods Frameworks */,
			);
			buildRules = (
			);
			dependencies = (
			);
			name = Movie_App;
			productName = Movie_App;
			productReference = 0C8EF0C321E5C1DA00294632 /* Movie_App.app */;
			productType = "com.apple.product-type.application";
		};
/* End PBXNativeTarget section */

/* Begin PBXProject section */
		0C8EF0BB21E5C1DA00294632 /* Project object */ = {
			isa = PBXProject;
			attributes = {
				LastSwiftUpdateCheck = 1010;
				LastUpgradeCheck = 1010;
				ORGANIZATIONNAME = MAC110;
				TargetAttributes = {
					0C8EF0C221E5C1DA00294632 = {
						CreatedOnToolsVersion = 10.1;
					};
				};
			};
			buildConfigurationList = 0C8EF0BE21E5C1DA00294632 /* Build configuration list for PBXProject "Movie_App" */;
			compatibilityVersion = "Xcode 9.3";
			developmentRegion = en;
			hasScannedForEncodings = 0;
			knownRegions = (
				en,
				Base,
			);
			mainGroup = 0C8EF0BA21E5C1DA00294632;
			productRefGroup = 0C8EF0C421E5C1DA00294632 /* Products */;
			projectDirPath = "";
			projectRoot = "";
			targets = (
				0C8EF0C221E5C1DA00294632 /* Movie_App */,
			);
		};
/* End PBXProject section */

/* Begin PBXResourcesBuildPhase section */
		0C8EF0C121E5C1DA00294632 /* Resources */ = {
			isa = PBXResourcesBuildPhase;
			buildActionMask = 2147483647;
			files = (
				0C63B32921E71D7900EAD105 /* MovieListTableViewCell.xib in Resources */,
				0C8EF0EC21E5D10200294632 /* HomeMovieCollectionViewCell.xib in Resources */,
				0C8EF0D421E5C1DF00294632 /* LaunchScreen.storyboard in Resources */,
				0C8EF0D121E5C1DF00294632 /* Assets.xcassets in Resources */,
				0C8EF0CC21E5C1DB00294632 /* Main.storyboard in Resources */,
			);
			runOnlyForDeploymentPostprocessing = 0;
		};
/* End PBXResourcesBuildPhase section */

/* Begin PBXShellScriptBuildPhase section */
		8FD0AEE3F123D3BAF91C3EF7 /* [CP] Check Pods Manifest.lock */ = {
			isa = PBXShellScriptBuildPhase;
			buildActionMask = 2147483647;
			files = (
			);
			inputPaths = (
				"${PODS_PODFILE_DIR_PATH}/Podfile.lock",
				"${PODS_ROOT}/Manifest.lock",
			);
			name = "[CP] Check Pods Manifest.lock";
			outputPaths = (
				"$(DERIVED_FILE_DIR)/Pods-Movie_App-checkManifestLockResult.txt",
			);
			runOnlyForDeploymentPostprocessing = 0;
			shellPath = /bin/sh;
			shellScript = "diff \"${PODS_PODFILE_DIR_PATH}/Podfile.lock\" \"${PODS_ROOT}/Manifest.lock\" > /dev/null\nif [ $? != 0 ] ; then\n    # print error to STDERR\n    echo \"error: The sandbox is not in sync with the Podfile.lock. Run 'pod install' or update your CocoaPods installation.\" >&2\n    exit 1\nfi\n# This output is used by Xcode 'outputs' to avoid re-running this script phase.\necho \"SUCCESS\" > \"${SCRIPT_OUTPUT_FILE_0}\"\n";
			showEnvVarsInLog = 0;
		};
		AC1A527C26B260D7BA7FA564 /* [CP] Embed Pods Frameworks */ = {
			isa = PBXShellScriptBuildPhase;
			buildActionMask = 2147483647;
			files = (
			);
			inputPaths = (
				"${SRCROOT}/Pods/Target Support Files/Pods-Movie_App/Pods-Movie_App-frameworks.sh",
				"${BUILT_PRODUCTS_DIR}/Alamofire/Alamofire.framework",
				"${BUILT_PRODUCTS_DIR}/FSPagerView/FSPagerView.framework",
				"${BUILT_PRODUCTS_DIR}/Kingfisher/Kingfisher.framework",
				"${BUILT_PRODUCTS_DIR}/MBProgressHUD/MBProgressHUD.framework",
				"${BUILT_PRODUCTS_DIR}/RxAlamofire/RxAlamofire.framework",
				"${BUILT_PRODUCTS_DIR}/RxAtomic/RxAtomic.framework",
				"${BUILT_PRODUCTS_DIR}/RxCocoa/RxCocoa.framework",
				"${BUILT_PRODUCTS_DIR}/RxGesture/RxGesture.framework",
				"${BUILT_PRODUCTS_DIR}/RxSwift/RxSwift.framework",
			);
			name = "[CP] Embed Pods Frameworks";
			outputPaths = (
				"${TARGET_BUILD_DIR}/${FRAMEWORKS_FOLDER_PATH}/Alamofire.framework",
				"${TARGET_BUILD_DIR}/${FRAMEWORKS_FOLDER_PATH}/FSPagerView.framework",
				"${TARGET_BUILD_DIR}/${FRAMEWORKS_FOLDER_PATH}/Kingfisher.framework",
				"${TARGET_BUILD_DIR}/${FRAMEWORKS_FOLDER_PATH}/MBProgressHUD.framework",
				"${TARGET_BUILD_DIR}/${FRAMEWORKS_FOLDER_PATH}/RxAlamofire.framework",
				"${TARGET_BUILD_DIR}/${FRAMEWORKS_FOLDER_PATH}/RxAtomic.framework",
				"${TARGET_BUILD_DIR}/${FRAMEWORKS_FOLDER_PATH}/RxCocoa.framework",
				"${TARGET_BUILD_DIR}/${FRAMEWORKS_FOLDER_PATH}/RxGesture.framework",
				"${TARGET_BUILD_DIR}/${FRAMEWORKS_FOLDER_PATH}/RxSwift.framework",
			);
			runOnlyForDeploymentPostprocessing = 0;
			shellPath = /bin/sh;
			shellScript = "\"${SRCROOT}/Pods/Target Support Files/Pods-Movie_App/Pods-Movie_App-frameworks.sh\"\n";
			showEnvVarsInLog = 0;
		};
/* End PBXShellScriptBuildPhase section */

/* Begin PBXSourcesBuildPhase section */
		0C8EF0BF21E5C1DA00294632 /* Sources */ = {
			isa = PBXSourcesBuildPhase;
			buildActionMask = 2147483647;
			files = (
				0C8EF0F421E5DFC000294632 /* APIRouter.swift in Sources */,
				0C8EF0F721E5DFC000294632 /* APIResult.swift in Sources */,
				0C8EF10821E5EEA700294632 /* BaseViewModel.swift in Sources */,
				0C8EF10F21E5F00300294632 /* HomeViewModel.swift in Sources */,
				0C8EF0F321E5DFC000294632 /* APIManager.swift in Sources */,
				0C63B31F21E7107E00EAD105 /* MovieListCoordinator.swift in Sources */,
				0C63B31D21E70DFE00EAD105 /* Constants.swift in Sources */,
				0C63B31B21E70C8500EAD105 /* MovieListPageContainerViewModel.swift in Sources */,
				0C8EF0F921E5E05100294632 /* Logging.swift in Sources */,
				0C8EF11121E5F03700294632 /* AppCoordinator.swift in Sources */,
				0C8EF0EB21E5D10200294632 /* HomeMovieCollectionViewCell.swift in Sources */,
				0C8EF10C21E5EF4700294632 /* ActivityIndicatorViewable.swift in Sources */,
				0C8EF11321E5F0A800294632 /* RootCoordinator.swift in Sources */,
				0C8EF0CF21E5C1DB00294632 /* Movie_App.xcdatamodeld in Sources */,
				0C63B32B21E7238900EAD105 /* Movie.swift in Sources */,
				0C8EF10121E5EE0700294632 /* AppDependency.swift in Sources */,
				0C8EF0E621E5CE0200294632 /* UIStoryboard+UIViewControllers.swift in Sources */,
				0C8EF0F521E5DFC000294632 /* APICallError.swift in Sources */,
				0C8EF0C921E5C1DA00294632 /* HomeViewController.swift in Sources */,
				0C8EF10321E5EE3F00294632 /* BaseCoordinator.swift in Sources */,
				0C63B32221E7159500EAD105 /* MovieListViewController.swift in Sources */,
				0C8EF0F621E5DFC000294632 /* API.swift in Sources */,
				0C8EF0FF21E5E6EE00294632 /* Extensions+Dictionary.swift in Sources */,
				0C8EF11921E6157900294632 /* SearchViewController.swift in Sources */,
				0C704C6221E634A10075A67A /* SearchHistory.swift in Sources */,
				0C63B32821E71D7900EAD105 /* MovieListTableViewCell.swift in Sources */,
				0C8EF11521E5F3E400294632 /* Extension+UIKit.swift in Sources */,
				0C8EF10621E5EE9600294632 /* BaseViewController.swift in Sources */,
				0C704C5D21E616A20075A67A /* SearchViewModel.swift in Sources */,
				0C8EF0FB21E5E36C00294632 /* HomeMovieListResopnse.swift in Sources */,
				0C63B31921E709F900EAD105 /* MovieListPageContainerViewController.swift in Sources */,
				0C63B32421E715B200EAD105 /* MovieListViewModel.swift in Sources */,
				0C704C5F21E621D30075A67A /* Colors.swift in Sources */,
				0C8EF10A21E5EF1200294632 /* ActivityIndicatior.swift in Sources */,
				0C8EF0C721E5C1DA00294632 /* AppDelegate.swift in Sources */,
			);
			runOnlyForDeploymentPostprocessing = 0;
		};
/* End PBXSourcesBuildPhase section */

/* Begin PBXVariantGroup section */
		0C8EF0CA21E5C1DB00294632 /* Main.storyboard */ = {
			isa = PBXVariantGroup;
			children = (
				0C8EF0CB21E5C1DB00294632 /* Base */,
			);
			name = Main.storyboard;
			sourceTree = "<group>";
		};
		0C8EF0D221E5C1DF00294632 /* LaunchScreen.storyboard */ = {
			isa = PBXVariantGroup;
			children = (
				0C8EF0D321E5C1DF00294632 /* Base */,
			);
			name = LaunchScreen.storyboard;
			sourceTree = "<group>";
		};
/* End PBXVariantGroup section */

/* Begin XCBuildConfiguration section */
		0C8EF0D621E5C1DF00294632 /* Debug */ = {
			isa = XCBuildConfiguration;
			buildSettings = {
				ALWAYS_SEARCH_USER_PATHS = NO;
				CLANG_ANALYZER_NONNULL = YES;
				CLANG_ANALYZER_NUMBER_OBJECT_CONVERSION = YES_AGGRESSIVE;
				CLANG_CXX_LANGUAGE_STANDARD = "gnu++14";
				CLANG_CXX_LIBRARY = "libc++";
				CLANG_ENABLE_MODULES = YES;
				CLANG_ENABLE_OBJC_ARC = YES;
				CLANG_ENABLE_OBJC_WEAK = YES;
				CLANG_WARN_BLOCK_CAPTURE_AUTORELEASING = YES;
				CLANG_WARN_BOOL_CONVERSION = YES;
				CLANG_WARN_COMMA = YES;
				CLANG_WARN_CONSTANT_CONVERSION = YES;
				CLANG_WARN_DEPRECATED_OBJC_IMPLEMENTATIONS = YES;
				CLANG_WARN_DIRECT_OBJC_ISA_USAGE = YES_ERROR;
				CLANG_WARN_DOCUMENTATION_COMMENTS = YES;
				CLANG_WARN_EMPTY_BODY = YES;
				CLANG_WARN_ENUM_CONVERSION = YES;
				CLANG_WARN_INFINITE_RECURSION = YES;
				CLANG_WARN_INT_CONVERSION = YES;
				CLANG_WARN_NON_LITERAL_NULL_CONVERSION = YES;
				CLANG_WARN_OBJC_IMPLICIT_RETAIN_SELF = YES;
				CLANG_WARN_OBJC_LITERAL_CONVERSION = YES;
				CLANG_WARN_OBJC_ROOT_CLASS = YES_ERROR;
				CLANG_WARN_RANGE_LOOP_ANALYSIS = YES;
				CLANG_WARN_STRICT_PROTOTYPES = YES;
				CLANG_WARN_SUSPICIOUS_MOVE = YES;
				CLANG_WARN_UNGUARDED_AVAILABILITY = YES_AGGRESSIVE;
				CLANG_WARN_UNREACHABLE_CODE = YES;
				CLANG_WARN__DUPLICATE_METHOD_MATCH = YES;
				CODE_SIGN_IDENTITY = "iPhone Developer";
				COPY_PHASE_STRIP = NO;
				DEBUG_INFORMATION_FORMAT = dwarf;
				ENABLE_STRICT_OBJC_MSGSEND = YES;
				ENABLE_TESTABILITY = YES;
				GCC_C_LANGUAGE_STANDARD = gnu11;
				GCC_DYNAMIC_NO_PIC = NO;
				GCC_NO_COMMON_BLOCKS = YES;
				GCC_OPTIMIZATION_LEVEL = 0;
				GCC_PREPROCESSOR_DEFINITIONS = (
					"DEBUG=1",
					"$(inherited)",
				);
				GCC_WARN_64_TO_32_BIT_CONVERSION = YES;
				GCC_WARN_ABOUT_RETURN_TYPE = YES_ERROR;
				GCC_WARN_UNDECLARED_SELECTOR = YES;
				GCC_WARN_UNINITIALIZED_AUTOS = YES_AGGRESSIVE;
				GCC_WARN_UNUSED_FUNCTION = YES;
				GCC_WARN_UNUSED_VARIABLE = YES;
				IPHONEOS_DEPLOYMENT_TARGET = 12.1;
				MTL_ENABLE_DEBUG_INFO = INCLUDE_SOURCE;
				MTL_FAST_MATH = YES;
				ONLY_ACTIVE_ARCH = YES;
				SDKROOT = iphoneos;
				SWIFT_ACTIVE_COMPILATION_CONDITIONS = DEBUG;
				SWIFT_OPTIMIZATION_LEVEL = "-Onone";
			};
			name = Debug;
		};
		0C8EF0D721E5C1DF00294632 /* Release */ = {
			isa = XCBuildConfiguration;
			buildSettings = {
				ALWAYS_SEARCH_USER_PATHS = NO;
				CLANG_ANALYZER_NONNULL = YES;
				CLANG_ANALYZER_NUMBER_OBJECT_CONVERSION = YES_AGGRESSIVE;
				CLANG_CXX_LANGUAGE_STANDARD = "gnu++14";
				CLANG_CXX_LIBRARY = "libc++";
				CLANG_ENABLE_MODULES = YES;
				CLANG_ENABLE_OBJC_ARC = YES;
				CLANG_ENABLE_OBJC_WEAK = YES;
				CLANG_WARN_BLOCK_CAPTURE_AUTORELEASING = YES;
				CLANG_WARN_BOOL_CONVERSION = YES;
				CLANG_WARN_COMMA = YES;
				CLANG_WARN_CONSTANT_CONVERSION = YES;
				CLANG_WARN_DEPRECATED_OBJC_IMPLEMENTATIONS = YES;
				CLANG_WARN_DIRECT_OBJC_ISA_USAGE = YES_ERROR;
				CLANG_WARN_DOCUMENTATION_COMMENTS = YES;
				CLANG_WARN_EMPTY_BODY = YES;
				CLANG_WARN_ENUM_CONVERSION = YES;
				CLANG_WARN_INFINITE_RECURSION = YES;
				CLANG_WARN_INT_CONVERSION = YES;
				CLANG_WARN_NON_LITERAL_NULL_CONVERSION = YES;
				CLANG_WARN_OBJC_IMPLICIT_RETAIN_SELF = YES;
				CLANG_WARN_OBJC_LITERAL_CONVERSION = YES;
				CLANG_WARN_OBJC_ROOT_CLASS = YES_ERROR;
				CLANG_WARN_RANGE_LOOP_ANALYSIS = YES;
				CLANG_WARN_STRICT_PROTOTYPES = YES;
				CLANG_WARN_SUSPICIOUS_MOVE = YES;
				CLANG_WARN_UNGUARDED_AVAILABILITY = YES_AGGRESSIVE;
				CLANG_WARN_UNREACHABLE_CODE = YES;
				CLANG_WARN__DUPLICATE_METHOD_MATCH = YES;
				CODE_SIGN_IDENTITY = "iPhone Developer";
				COPY_PHASE_STRIP = NO;
				DEBUG_INFORMATION_FORMAT = "dwarf-with-dsym";
				ENABLE_NS_ASSERTIONS = NO;
				ENABLE_STRICT_OBJC_MSGSEND = YES;
				GCC_C_LANGUAGE_STANDARD = gnu11;
				GCC_NO_COMMON_BLOCKS = YES;
				GCC_WARN_64_TO_32_BIT_CONVERSION = YES;
				GCC_WARN_ABOUT_RETURN_TYPE = YES_ERROR;
				GCC_WARN_UNDECLARED_SELECTOR = YES;
				GCC_WARN_UNINITIALIZED_AUTOS = YES_AGGRESSIVE;
				GCC_WARN_UNUSED_FUNCTION = YES;
				GCC_WARN_UNUSED_VARIABLE = YES;
				IPHONEOS_DEPLOYMENT_TARGET = 12.1;
				MTL_ENABLE_DEBUG_INFO = NO;
				MTL_FAST_MATH = YES;
				SDKROOT = iphoneos;
				SWIFT_COMPILATION_MODE = wholemodule;
				SWIFT_OPTIMIZATION_LEVEL = "-O";
				VALIDATE_PRODUCT = YES;
			};
			name = Release;
		};
		0C8EF0D921E5C1DF00294632 /* Debug */ = {
			isa = XCBuildConfiguration;
			baseConfigurationReference = 51C5892573635752823868B0 /* Pods-Movie_App.debug.xcconfig */;
			buildSettings = {
				ASSETCATALOG_COMPILER_APPICON_NAME = AppIcon;
				CODE_SIGN_STYLE = Automatic;
				INFOPLIST_FILE = "$(SRCROOT)/Movie_App/Application/Info.plist";
				LD_RUNPATH_SEARCH_PATHS = (
					"$(inherited)",
					"@executable_path/Frameworks",
				);
				PRODUCT_BUNDLE_IDENTIFIER = "com.demo.Movie-App";
				PRODUCT_NAME = "$(TARGET_NAME)";
				SWIFT_VERSION = 4.2;
				TARGETED_DEVICE_FAMILY = "1,2";
			};
			name = Debug;
		};
		0C8EF0DA21E5C1DF00294632 /* Release */ = {
			isa = XCBuildConfiguration;
			baseConfigurationReference = F258183F198B7CBCEAE32F2B /* Pods-Movie_App.release.xcconfig */;
			buildSettings = {
				ASSETCATALOG_COMPILER_APPICON_NAME = AppIcon;
				CODE_SIGN_STYLE = Automatic;
				INFOPLIST_FILE = "$(SRCROOT)/Movie_App/Application/Info.plist";
				LD_RUNPATH_SEARCH_PATHS = (
					"$(inherited)",
					"@executable_path/Frameworks",
				);
				PRODUCT_BUNDLE_IDENTIFIER = "com.demo.Movie-App";
				PRODUCT_NAME = "$(TARGET_NAME)";
				SWIFT_VERSION = 4.2;
				TARGETED_DEVICE_FAMILY = "1,2";
			};
			name = Release;
		};
/* End XCBuildConfiguration section */

/* Begin XCConfigurationList section */
		0C8EF0BE21E5C1DA00294632 /* Build configuration list for PBXProject "Movie_App" */ = {
			isa = XCConfigurationList;
			buildConfigurations = (
				0C8EF0D621E5C1DF00294632 /* Debug */,
				0C8EF0D721E5C1DF00294632 /* Release */,
			);
			defaultConfigurationIsVisible = 0;
			defaultConfigurationName = Release;
		};
		0C8EF0D821E5C1DF00294632 /* Build configuration list for PBXNativeTarget "Movie_App" */ = {
			isa = XCConfigurationList;
			buildConfigurations = (
				0C8EF0D921E5C1DF00294632 /* Debug */,
				0C8EF0DA21E5C1DF00294632 /* Release */,
			);
			defaultConfigurationIsVisible = 0;
			defaultConfigurationName = Release;
		};
/* End XCConfigurationList section */

/* Begin XCVersionGroup section */
		0C8EF0CD21E5C1DB00294632 /* Movie_App.xcdatamodeld */ = {
			isa = XCVersionGroup;
			children = (
				0C8EF0CE21E5C1DB00294632 /* Movie_App.xcdatamodel */,
			);
			currentVersion = 0C8EF0CE21E5C1DB00294632 /* Movie_App.xcdatamodel */;
			path = Movie_App.xcdatamodeld;
			sourceTree = "<group>";
			versionGroupType = wrapper.xcdatamodel;
		};
/* End XCVersionGroup section */
	};
	rootObject = 0C8EF0BB21E5C1DA00294632 /* Project object */;
}
